
Microsoft Visual Studio Solution File, Format Version 12.00
# Visual Studio 15
VisualStudioVersion = 15.0.27703.2026
MinimumVisualStudioVersion = 10.0.40219.1
Project("{FAE04EC0-301F-11D3-BF4B-00C04F79EFBC}") = "BIndingsList", "BIndingsList\BIndingsList.csproj", "{23A27FDF-F9C5-4982-A5CD-3431E67330CB}"
EndProject
Global
	GlobalSection(SolutionConfigurationPlatforms) = preSolution
		Debug|Any CPU = Debug|Any CPU
		Release|Any CPU = Release|Any CPU
	EndGlobalSection
	GlobalSection(ProjectConfigurationPlatforms) = postSolution
		{23A27FDF-F9C5-4982-A5CD-3431E67330CB}.Debug|Any CPU.ActiveCfg = Debug|Any CPU
		{23A27FDF-F9C5-4982-A5CD-3431E67330CB}.Debug|Any CPU.Build.0 = Debug|Any CPU
		{23A27FDF-F9C5-4982-A5CD-3431E67330CB}.Release|Any CPU.ActiveCfg = Release|Any CPU
		{23A27FDF-F9C5-4982-A5CD-3431E67330CB}.Release|Any CPU.Build.0 = Release|Any CPU
	EndGlobalSection
	GlobalSection(SolutionProperties) = preSolution
		HideSolutionNode = FALSE
	EndGlobalSection
	GlobalSection(ExtensibilityGlobals) = postSolution
		SolutionGuid = {BB2AD69E-F7D4-4108-9ABA-230921A41531}
	EndGlobalSection
EndGlobal
